
Microsoft Visual Studio Solution File, Format Version 11.00
# Visual Studio 2010 Express for Windows Phone
Project("{FAE04EC0-301F-11D3-BF4B-00C04F79EFBC}") = "TicTac", "TicTac\TicTac\TicTac.csproj", "{C4156F9D-2802-469C-9ECD-50CC0532260B}"
EndProject
Project("{96E2B04D-8817-42C6-938A-82C39BA4D311}") = "TicTacContent", "TicTac\TicTacContent\TicTacContent.contentproj", "{7ABEEEEF-B5DA-4058-8A13-18A1732F1894}"
EndProject
Global
	GlobalSection(SolutionConfigurationPlatforms) = preSolution
		Debug|Windows Phone = Debug|Windows Phone
		Release|Windows Phone = Release|Windows Phone
	EndGlobalSection
	GlobalSection(ProjectConfigurationPlatforms) = postSolution
		{C4156F9D-2802-469C-9ECD-50CC0532260B}.Debug|Windows Phone.ActiveCfg = Debug|Windows Phone
		{C4156F9D-2802-469C-9ECD-50CC0532260B}.Debug|Windows Phone.Build.0 = Debug|Windows Phone
		{C4156F9D-2802-469C-9ECD-50CC0532260B}.Debug|Windows Phone.Deploy.0 = Debug|Windows Phone
		{C4156F9D-2802-469C-9ECD-50CC0532260B}.Release|Windows Phone.ActiveCfg = Release|Windows Phone
		{C4156F9D-2802-469C-9ECD-50CC0532260B}.Release|Windows Phone.Build.0 = Release|Windows Phone
		{C4156F9D-2802-469C-9ECD-50CC0532260B}.Release|Windows Phone.Deploy.0 = Release|Windows Phone
		{7ABEEEEF-B5DA-4058-8A13-18A1732F1894}.Debug|Windows Phone.ActiveCfg = Debug|Windows Phone
		{7ABEEEEF-B5DA-4058-8A13-18A1732F1894}.Release|Windows Phone.ActiveCfg = Release|Windows Phone
	EndGlobalSection
	GlobalSection(SolutionProperties) = preSolution
		HideSolutionNode = FALSE
	EndGlobalSection
EndGlobal
